
Microsoft Visual Studio Solution File, Format Version 12.00
# Visual Studio 15
VisualStudioVersion = 15.0.26228.4
MinimumVisualStudioVersion = 10.0.40219.1
Project("{FAE04EC0-301F-11D3-BF4B-00C04F79EFBC}") = "panaderia", "panaderia\panaderia.csproj", "{4168C768-9FF4-4459-BC49-C612D7F07AC6}"
EndProject
Project("{FAE04EC0-301F-11D3-BF4B-00C04F79EFBC}") = "panaderia.Tests", "panaderia.Tests\panaderia.Tests.csproj", "{D384DF5D-4D48-4BBD-8C0D-F17FB3E4AA41}"
EndProject
Global
	GlobalSection(SolutionConfigurationPlatforms) = preSolution
		Debug|Any CPU = Debug|Any CPU
		Release|Any CPU = Release|Any CPU
	EndGlobalSection
	GlobalSection(ProjectConfigurationPlatforms) = postSolution
		{4168C768-9FF4-4459-BC49-C612D7F07AC6}.Debug|Any CPU.ActiveCfg = Debug|Any CPU
		{4168C768-9FF4-4459-BC49-C612D7F07AC6}.Debug|Any CPU.Build.0 = Debug|Any CPU
		{4168C768-9FF4-4459-BC49-C612D7F07AC6}.Release|Any CPU.ActiveCfg = Release|Any CPU
		{4168C768-9FF4-4459-BC49-C612D7F07AC6}.Release|Any CPU.Build.0 = Release|Any CPU
		{D384DF5D-4D48-4BBD-8C0D-F17FB3E4AA41}.Debug|Any CPU.ActiveCfg = Debug|Any CPU
		{D384DF5D-4D48-4BBD-8C0D-F17FB3E4AA41}.Debug|Any CPU.Build.0 = Debug|Any CPU
		{D384DF5D-4D48-4BBD-8C0D-F17FB3E4AA41}.Release|Any CPU.ActiveCfg = Release|Any CPU
		{D384DF5D-4D48-4BBD-8C0D-F17FB3E4AA41}.Release|Any CPU.Build.0 = Release|Any CPU
	EndGlobalSection
	GlobalSection(SolutionProperties) = preSolution
		HideSolutionNode = FALSE
	EndGlobalSection
EndGlobal
